lockVersion: 2.0.0
id: 93d932a2-03f5-4430-9ef4-f6ff93b7b807
management:
  docChecksum: 2249910a5f82cd7fd8ff30bd680f52e0
  docVersion: 1.0.0
  speakeasyVersion: 1.291.0
  generationVersion: 2.332.4
  releaseVersion: 0.0.2
  configChecksum: 0e81bd31eb9eac28d5dfa27b8d154550
  repoURL: https://github.com/wiremock-inc/api-portals-demo.git
features:
  java:
    additionalDependencies: 0.1.0
    core: 3.19.7
    flattening: 2.81.1
    globalSecurityCallbacks: 0.1.0
    globalServerURLs: 2.82.1
    sdkHooks: 0.1.0
generatedFiles:
  - src/main/java/io/wiremock/demos/simple_payments_sdk/SecuritySource.java
  - src/main/java/io/wiremock/demos/simple_payments_sdk/models/components/Security.java
  - src/main/java/io/wiremock/demos/simple_payments_sdk/SDKConfiguration.java
  - src/main/java/io/wiremock/demos/simple_payments_sdk/models/operations/GetCustomerByIdRequestBuilder.java
  - src/main/java/io/wiremock/demos/simple_payments_sdk/models/operations/PutCustomersByCustomerIdRequestBuilder.java
  - src/main/java/io/wiremock/demos/simple_payments_sdk/models/operations/PostChargesRequestBuilder.java
  - src/main/java/io/wiremock/demos/simple_payments_sdk/models/operations/GetChargesByChargeIdRequestBuilder.java
  - src/main/java/io/wiremock/demos/simple_payments_sdk/models/operations/SDKMethodInterfaces.java
  - src/main/java/io/wiremock/demos/simple_payments_sdk/SimplePaymentsSDK.java
  - .gitattributes
  - build.gradle
  - gradle/wrapper/gradle-wrapper.jar
  - gradle/wrapper/gradle-wrapper.properties
  - gradlew
  - gradlew.bat
  - settings.gradle
  - src/main/java/io/wiremock/demos/simple_payments_sdk/utils/BackoffStrategy.java
  - src/main/java/io/wiremock/demos/simple_payments_sdk/utils/BigDecimalString.java
  - src/main/java/io/wiremock/demos/simple_payments_sdk/utils/BigIntegerString.java
  - src/main/java/io/wiremock/demos/simple_payments_sdk/utils/Deserializers.java
  - src/main/java/io/wiremock/demos/simple_payments_sdk/utils/FormMetadata.java
  - src/main/java/io/wiremock/demos/simple_payments_sdk/utils/HTTPClient.java
  - src/main/java/io/wiremock/demos/simple_payments_sdk/utils/HTTPRequest.java
  - src/main/java/io/wiremock/demos/simple_payments_sdk/utils/HeaderMetadata.java
  - src/main/java/io/wiremock/demos/simple_payments_sdk/utils/Hook.java
  - src/main/java/io/wiremock/demos/simple_payments_sdk/utils/Hooks.java
  - src/main/java/io/wiremock/demos/simple_payments_sdk/utils/JSON.java
  - src/main/java/io/wiremock/demos/simple_payments_sdk/utils/LazySingletonValue.java
  - src/main/java/io/wiremock/demos/simple_payments_sdk/utils/Metadata.java
  - src/main/java/io/wiremock/demos/simple_payments_sdk/utils/MultipartFormMetadata.java
  - src/main/java/io/wiremock/demos/simple_payments_sdk/utils/OneOfDeserializer.java
  - src/main/java/io/wiremock/demos/simple_payments_sdk/utils/Options.java
  - src/main/java/io/wiremock/demos/simple_payments_sdk/utils/PathParamsMetadata.java
  - src/main/java/io/wiremock/demos/simple_payments_sdk/utils/QueryParameters.java
  - src/main/java/io/wiremock/demos/simple_payments_sdk/utils/QueryParamsMetadata.java
  - src/main/java/io/wiremock/demos/simple_payments_sdk/utils/RequestBody.java
  - src/main/java/io/wiremock/demos/simple_payments_sdk/utils/RequestMetadata.java
  - src/main/java/io/wiremock/demos/simple_payments_sdk/utils/Response.java
  - src/main/java/io/wiremock/demos/simple_payments_sdk/utils/Retries.java
  - src/main/java/io/wiremock/demos/simple_payments_sdk/utils/RetryConfig.java
  - src/main/java/io/wiremock/demos/simple_payments_sdk/utils/Security.java
  - src/main/java/io/wiremock/demos/simple_payments_sdk/utils/SecurityMetadata.java
  - src/main/java/io/wiremock/demos/simple_payments_sdk/utils/SerializedBody.java
  - src/main/java/io/wiremock/demos/simple_payments_sdk/utils/SpeakeasyHTTPClient.java
  - src/main/java/io/wiremock/demos/simple_payments_sdk/utils/SpeakeasyMetadata.java
  - src/main/java/io/wiremock/demos/simple_payments_sdk/utils/TypedObject.java
  - src/main/java/io/wiremock/demos/simple_payments_sdk/utils/Types.java
  - src/main/java/io/wiremock/demos/simple_payments_sdk/utils/Utils.java
  - src/main/java/io/wiremock/demos/simple_payments_sdk/models/errors/SDKError.java
  - src/main/java/io/wiremock/demos/simple_payments_sdk/models/operations/Detail.java
  - src/main/java/io/wiremock/demos/simple_payments_sdk/models/operations/GetCustomerByIdRequest.java
  - src/main/java/io/wiremock/demos/simple_payments_sdk/models/operations/GetCustomerByIdResponseBody.java
  - src/main/java/io/wiremock/demos/simple_payments_sdk/models/operations/GetCustomerByIdResponse.java
  - src/main/java/io/wiremock/demos/simple_payments_sdk/models/operations/QueryParamDetail.java
  - src/main/java/io/wiremock/demos/simple_payments_sdk/models/operations/PutCustomersByCustomerIdRequestBody.java
  - src/main/java/io/wiremock/demos/simple_payments_sdk/models/operations/PutCustomersByCustomerIdRequest.java
  - src/main/java/io/wiremock/demos/simple_payments_sdk/models/operations/PutCustomersByCustomerIdResponseBody.java
  - src/main/java/io/wiremock/demos/simple_payments_sdk/models/operations/PutCustomersByCustomerIdResponse.java
  - src/main/java/io/wiremock/demos/simple_payments_sdk/models/operations/PostChargesRequestBody.java
  - src/main/java/io/wiremock/demos/simple_payments_sdk/models/operations/PostChargesResponseBody.java
  - src/main/java/io/wiremock/demos/simple_payments_sdk/models/operations/PostChargesResponse.java
  - src/main/java/io/wiremock/demos/simple_payments_sdk/models/operations/GetChargesByChargeIdRequest.java
  - src/main/java/io/wiremock/demos/simple_payments_sdk/models/operations/GetChargesByChargeIdResponseBody.java
  - src/main/java/io/wiremock/demos/simple_payments_sdk/models/operations/GetChargesByChargeIdResponse.java
  - docs/models/operations/Detail.md
  - docs/models/operations/GetCustomerByIdRequest.md
  - docs/models/operations/GetCustomerByIdResponseBody.md
  - docs/models/operations/GetCustomerByIdResponse.md
  - docs/models/operations/QueryParamDetail.md
  - docs/models/operations/PutCustomersByCustomerIdRequestBody.md
  - docs/models/operations/PutCustomersByCustomerIdRequest.md
  - docs/models/operations/PutCustomersByCustomerIdResponseBody.md
  - docs/models/operations/PutCustomersByCustomerIdResponse.md
  - docs/models/operations/PostChargesRequestBody.md
  - docs/models/operations/PostChargesResponseBody.md
  - docs/models/operations/PostChargesResponse.md
  - docs/models/operations/GetChargesByChargeIdRequest.md
  - docs/models/operations/GetChargesByChargeIdResponseBody.md
  - docs/models/operations/GetChargesByChargeIdResponse.md
  - docs/sdks/simplepaymentssdk/README.md
  - USAGE.md
